// !$*UTF8*$!
{
	archiveVersion = 1;
	classes = {
	};
	objectVersion = 46;
	objects = {

/* Begin PBXBuildFile section */
		1E7048F41E0D1EBB00FCC923 /* main.m in Sources */ = {isa = PBXBuildFile; fileRef = 1E7048F31E0D1EBB00FCC923 /* main.m */; };
		1E7048F71E0D1EBB00FCC923 /* AppDelegate.m in Sources */ = {isa = PBXBuildFile; fileRef = 1E7048F61E0D1EBB00FCC923 /* AppDelegate.m */; };
		1E7048FA1E0D1EBB00FCC923 /* ViewController.m in Sources */ = {isa = PBXBuildFile; fileRef = 1E7048F91E0D1EBB00FCC923 /* ViewController.m */; };
		1E7048FD1E0D1EBB00FCC923 /* Main.storyboard in Resources */ = {isa = PBXBuildFile; fileRef = 1E7048FB1E0D1EBB00FCC923 /* Main.storyboard */; };
		1E7048FF1E0D1EBB00FCC923 /* Assets.xcassets in Resources */ = {isa = PBXBuildFile; fileRef = 1E7048FE1E0D1EBB00FCC923 /* Assets.xcassets */; };
		1E7049021E0D1EBB00FCC923 /* LaunchScreen.storyboard in Resources */ = {isa = PBXBuildFile; fileRef = 1E7049001E0D1EBB00FCC923 /* LaunchScreen.storyboard */; };
		1E70490D1E0D1EBB00FCC923 /* ______Tests.m in Sources */ = {isa = PBXBuildFile; fileRef = 1E70490C1E0D1EBB00FCC923 /* ______Tests.m */; };
		1E7049181E0D1EBB00FCC923 /* ______UITests.m in Sources */ = {isa = PBXBuildFile; fileRef = 1E7049171E0D1EBB00FCC923 /* ______UITests.m */; };
		1E70492C1E0D25A800FCC923 /* InfoPlist.strings in Resources */ = {isa = PBXBuildFile; fileRef = 1E70492E1E0D25A800FCC923 /* InfoPlist.strings */; };
		1E7049311E0D25B600FCC923 /* Localizable.strings in Resources */ = {isa = PBXBuildFile; fileRef = 1E7049331E0D25B600FCC923 /* Localizable.strings */; };
/* End PBXBuildFile section */

/* Begin PBXContainerItemProxy section */
		1E7049091E0D1EBB00FCC923 /* PBXContainerItemProxy */ = {
			isa = PBXContainerItemProxy;
			containerPortal = 1E7048E71E0D1EBB00FCC923 /* Project object */;
			proxyType = 1;
			remoteGlobalIDString = 1E7048EE1E0D1EBB00FCC923;
			remoteInfo = "应用内国际化";
		};
		1E7049141E0D1EBB00FCC923 /* PBXContainerItemProxy */ = {
			isa = PBXContainerItemProxy;
			containerPortal = 1E7048E71E0D1EBB00FCC923 /* Project object */;
			proxyType = 1;
			remoteGlobalIDString = 1E7048EE1E0D1EBB00FCC923;
			remoteInfo = "应用内国际化";
		};
/* End PBXContainerItemProxy section */

/* Begin PBXFileReference section */
		1E7048EF1E0D1EBB00FCC923 /* 应用内国际化.app */ = {isa = PBXFileReference; explicitFileType = wrapper.application; includeInIndex = 0; path = "应用内国际化.app"; sourceTree = BUILT_PRODUCTS_DIR; };
		1E7048F31E0D1EBB00FCC923 /* main.m */ = {isa = PBXFileReference; lastKnownFileType = sourcecode.c.objc; path = main.m; sourceTree = "<group>"; };
		1E7048F51E0D1EBB00FCC923 /* AppDelegate.h */ = {isa = PBXFileReference; lastKnownFileType = sourcecode.c.h; path = AppDelegate.h; sourceTree = "<group>"; };
		1E7048F61E0D1EBB00FCC923 /* AppDelegate.m */ = {isa = PBXFileReference; lastKnownFileType = sourcecode.c.objc; path = AppDelegate.m; sourceTree = "<group>"; };
		1E7048F81E0D1EBB00FCC923 /* ViewController.h */ = {isa = PBXFileReference; lastKnownFileType = sourcecode.c.h; path = ViewController.h; sourceTree = "<group>"; };
		1E7048F91E0D1EBB00FCC923 /* ViewController.m */ = {isa = PBXFileReference; lastKnownFileType = sourcecode.c.objc; path = ViewController.m; sourceTree = "<group>"; };
		1E7048FC1E0D1EBB00FCC923 /* Base */ = {isa = PBXFileReference; lastKnownFileType = file.storyboard; name = Base; path = Base.lproj/Main.storyboard; sourceTree = "<group>"; };
		1E7048FE1E0D1EBB00FCC923 /* Assets.xcassets */ = {isa = PBXFileReference; lastKnownFileType = folder.assetcatalog; path = Assets.xcassets; sourceTree = "<group>"; };
		1E7049011E0D1EBB00FCC923 /* Base */ = {isa = PBXFileReference; lastKnownFileType = file.storyboard; name = Base; path = Base.lproj/LaunchScreen.storyboard; sourceTree = "<group>"; };
		1E7049031E0D1EBB00FCC923 /* Info.plist */ = {isa = PBXFileReference; lastKnownFileType = text.plist.xml; path = Info.plist; sourceTree = "<group>"; };
		1E7049081E0D1EBB00FCC923 /* 应用内国际化Tests.xctest */ = {isa = PBXFileReference; explicitFileType = wrapper.cfbundle; includeInIndex = 0; path = "应用内国际化Tests.xctest"; sourceTree = BUILT_PRODUCTS_DIR; };
		1E70490C1E0D1EBB00FCC923 /* ______Tests.m */ = {isa = PBXFileReference; lastKnownFileType = sourcecode.c.objc; path = "______Tests.m"; sourceTree = "<group>"; };
		1E70490E1E0D1EBB00FCC923 /* Info.plist */ = {isa = PBXFileReference; lastKnownFileType = text.plist.xml; path = Info.plist; sourceTree = "<group>"; };
		1E7049131E0D1EBB00FCC923 /* 应用内国际化UITests.xctest */ = {isa = PBXFileReference; explicitFileType = wrapper.cfbundle; includeInIndex = 0; path = "应用内国际化UITests.xctest"; sourceTree = BUILT_PRODUCTS_DIR; };
		1E7049171E0D1EBB00FCC923 /* ______UITests.m */ = {isa = PBXFileReference; lastKnownFileType = sourcecode.c.objc; path = "______UITests.m"; sourceTree = "<group>"; };
		1E7049191E0D1EBB00FCC923 /* Info.plist */ = {isa = PBXFileReference; lastKnownFileType = text.plist.xml; path = Info.plist; sourceTree = "<group>"; };
		1E7049251E0D203300FCC923 /* internationalizationObject.h */ = {isa = PBXFileReference; lastKnownFileType = sourcecode.c.h; path = internationalizationObject.h; sourceTree = "<group>"; };
		1E7049261E0D20DD00FCC923 /* zh-Hans */ = {isa = PBXFileReference; lastKnownFileType = text.plist.strings; name = "zh-Hans"; path = "zh-Hans.lproj/Main.strings"; sourceTree = "<group>"; };
		1E7049271E0D20DD00FCC923 /* zh-Hans */ = {isa = PBXFileReference; lastKnownFileType = text.plist.strings; name = "zh-Hans"; path = "zh-Hans.lproj/LaunchScreen.strings"; sourceTree = "<group>"; };
		1E7049301E0D25AC00FCC923 /* zh-Hans */ = {isa = PBXFileReference; lastKnownFileType = text.plist.strings; name = "zh-Hans"; path = "zh-Hans.lproj/InfoPlist.strings"; sourceTree = "<group>"; };
		1E7049351E0D25B800FCC923 /* zh-Hans */ = {isa = PBXFileReference; lastKnownFileType = text.plist.strings; name = "zh-Hans"; path = "zh-Hans.lproj/Localizable.strings"; sourceTree = "<group>"; };
		1E7049361E0D25C400FCC923 /* en */ = {isa = PBXFileReference; lastKnownFileType = text.plist.strings; name = en; path = en.lproj/Localizable.strings; sourceTree = "<group>"; };
		1E7049371E0D25CD00FCC923 /* en */ = {isa = PBXFileReference; lastKnownFileType = text.plist.strings; name = en; path = en.lproj/InfoPlist.strings; sourceTree = "<group>"; };
/* End PBXFileReference section */

/* Begin PBXFrameworksBuildPhase section */
		1E7048EC1E0D1EBB00FCC923 /* Frameworks */ = {
			isa = PBXFrameworksBuildPhase;
			buildActionMask = 2147483647;
			files = (
			);
			runOnlyForDeploymentPostprocessing = 0;
		};
		1E7049051E0D1EBB00FCC923 /* Frameworks */ = {
			isa = PBXFrameworksBuildPhase;
			buildActionMask = 2147483647;
			files = (
			);
			runOnlyForDeploymentPostprocessing = 0;
		};
		1E7049101E0D1EBB00FCC923 /* Frameworks */ = {
			isa = PBXFrameworksBuildPhase;
			buildActionMask = 2147483647;
			files = (
			);
			runOnlyForDeploymentPostprocessing = 0;
		};
/* End PBXFrameworksBuildPhase section */

/* Begin PBXGroup section */
		1E7048E61E0D1EBB00FCC923 = {
			isa = PBXGroup;
			children = (
				1E7048F11E0D1EBB00FCC923 /* 应用内国际化 */,
				1E70490B1E0D1EBB00FCC923 /* 应用内国际化Tests */,
				1E7049161E0D1EBB00FCC923 /* 应用内国际化UITests */,
				1E7048F01E0D1EBB00FCC923 /* Products */,
			);
			sourceTree = "<group>";
		};
		1E7048F01E0D1EBB00FCC923 /* Products */ = {
			isa = PBXGroup;
			children = (
				1E7048EF1E0D1EBB00FCC923 /* 应用内国际化.app */,
				1E7049081E0D1EBB00FCC923 /* 应用内国际化Tests.xctest */,
				1E7049131E0D1EBB00FCC923 /* 应用内国际化UITests.xctest */,
			);
			name = Products;
			sourceTree = "<group>";
		};
		1E7048F11E0D1EBB00FCC923 /* 应用内国际化 */ = {
			isa = PBXGroup;
			children = (
				1E7048F51E0D1EBB00FCC923 /* AppDelegate.h */,
				1E7048F61E0D1EBB00FCC923 /* AppDelegate.m */,
				1E70492E1E0D25A800FCC923 /* InfoPlist.strings */,
				1E7049331E0D25B600FCC923 /* Localizable.strings */,
				1E7049251E0D203300FCC923 /* internationalizationObject.h */,
				1E7048F81E0D1EBB00FCC923 /* ViewController.h */,
				1E7048F91E0D1EBB00FCC923 /* ViewController.m */,
				1E7048FB1E0D1EBB00FCC923 /* Main.storyboard */,
				1E7048FE1E0D1EBB00FCC923 /* Assets.xcassets */,
				1E7049001E0D1EBB00FCC923 /* LaunchScreen.storyboard */,
				1E7049031E0D1EBB00FCC923 /* Info.plist */,
				1E7048F21E0D1EBB00FCC923 /* Supporting Files */,
			);
			path = "应用内国际化";
			sourceTree = "<group>";
		};
		1E7048F21E0D1EBB00FCC923 /* Supporting Files */ = {
			isa = PBXGroup;
			children = (
				1E7048F31E0D1EBB00FCC923 /* main.m */,
			);
			name = "Supporting Files";
			sourceTree = "<group>";
		};
		1E70490B1E0D1EBB00FCC923 /* 应用内国际化Tests */ = {
			isa = PBXGroup;
			children = (
				1E70490C1E0D1EBB00FCC923 /* ______Tests.m */,
				1E70490E1E0D1EBB00FCC923 /* Info.plist */,
			);
			path = "应用内国际化Tests";
			sourceTree = "<group>";
		};
		1E7049161E0D1EBB00FCC923 /* 应用内国际化UITests */ = {
			isa = PBXGroup;
			children = (
				1E7049171E0D1EBB00FCC923 /* ______UITests.m */,
				1E7049191E0D1EBB00FCC923 /* Info.plist */,
			);
			path = "应用内国际化UITests";
			sourceTree = "<group>";
		};
/* End PBXGroup section */

/* Begin PBXNativeTarget section */
		1E7048EE1E0D1EBB00FCC923 /* 应用内国际化 */ = {
			isa = PBXNativeTarget;
			buildConfigurationList = 1E70491C1E0D1EBB00FCC923 /* Build configuration list for PBXNativeTarget "应用内国际化" */;
			buildPhases = (
				1E7048EB1E0D1EBB00FCC923 /* Sources */,
				1E7048EC1E0D1EBB00FCC923 /* Frameworks */,
				1E7048ED1E0D1EBB00FCC923 /* Resources */,
			);
			buildRules = (
			);
			dependencies = (
			);
			name = "应用内国际化";
			productName = "应用内国际化";
			productReference = 1E7048EF1E0D1EBB00FCC923 /* 应用内国际化.app */;
			productType = "com.apple.product-type.application";
		};
		1E7049071E0D1EBB00FCC923 /* 应用内国际化Tests */ = {
			isa = PBXNativeTarget;
			buildConfigurationList = 1E70491F1E0D1EBB00FCC923 /* Build configuration list for PBXNativeTarget "应用内国际化Tests" */;
			buildPhases = (
				1E7049041E0D1EBB00FCC923 /* Sources */,
				1E7049051E0D1EBB00FCC923 /* Frameworks */,
				1E7049061E0D1EBB00FCC923 /* Resources */,
			);
			buildRules = (
			);
			dependencies = (
				1E70490A1E0D1EBB00FCC923 /* PBXTargetDependency */,
			);
			name = "应用内国际化Tests";
			productName = "应用内国际化Tests";
			productReference = 1E7049081E0D1EBB00FCC923 /* 应用内国际化Tests.xctest */;
			productType = "com.apple.product-type.bundle.unit-test";
		};
		1E7049121E0D1EBB00FCC923 /* 应用内国际化UITests */ = {
			isa = PBXNativeTarget;
			buildConfigurationList = 1E7049221E0D1EBB00FCC923 /* Build configuration list for PBXNativeTarget "应用内国际化UITests" */;
			buildPhases = (
				1E70490F1E0D1EBB00FCC923 /* Sources */,
				1E7049101E0D1EBB00FCC923 /* Frameworks */,
				1E7049111E0D1EBB00FCC923 /* Resources */,
			);
			buildRules = (
			);
			dependencies = (
				1E7049151E0D1EBB00FCC923 /* PBXTargetDependency */,
			);
			name = "应用内国际化UITests";
			productName = "应用内国际化UITests";
			productReference = 1E7049131E0D1EBB00FCC923 /* 应用内国际化UITests.xctest */;
			productType = "com.apple.product-type.bundle.ui-testing";
		};
/* End PBXNativeTarget section */

/* Begin PBXProject section */
		1E7048E71E0D1EBB00FCC923 /* Project object */ = {
			isa = PBXProject;
			attributes = {
				LastUpgradeCheck = 0800;
				ORGANIZATIONNAME = "张芳涛";
				TargetAttributes = {
					1E7048EE1E0D1EBB00FCC923 = {
						CreatedOnToolsVersion = 8.0;
						DevelopmentTeam = 4HV67692Y7;
						ProvisioningStyle = Automatic;
					};
					1E7049071E0D1EBB00FCC923 = {
						CreatedOnToolsVersion = 8.0;
						DevelopmentTeam = 4HV67692Y7;
						ProvisioningStyle = Automatic;
						TestTargetID = 1E7048EE1E0D1EBB00FCC923;
					};
					1E7049121E0D1EBB00FCC923 = {
						CreatedOnToolsVersion = 8.0;
						DevelopmentTeam = 4HV67692Y7;
						ProvisioningStyle = Automatic;
						TestTargetID = 1E7048EE1E0D1EBB00FCC923;
					};
				};
			};
			buildConfigurationList = 1E7048EA1E0D1EBB00FCC923 /* Build configuration list for PBXProject "应用内国际化" */;
			compatibilityVersion = "Xcode 3.2";
			developmentRegion = English;
			hasScannedForEncodings = 0;
			knownRegions = (
				en,
				Base,
				"zh-Hans",
			);
			mainGroup = 1E7048E61E0D1EBB00FCC923;
			productRefGroup = 1E7048F01E0D1EBB00FCC923 /* Products */;
			projectDirPath = "";
			projectRoot = "";
			targets = (
				1E7048EE1E0D1EBB00FCC923 /* 应用内国际化 */,
				1E7049071E0D1EBB00FCC923 /* 应用内国际化Tests */,
				1E7049121E0D1EBB00FCC923 /* 应用内国际化UITests */,
			);
		};
/* End PBXProject section */

/* Begin PBXResourcesBuildPhase section */
		1E7048ED1E0D1EBB00FCC923 /* Resources */ = {
			isa = PBXResourcesBuildPhase;
			buildActionMask = 2147483647;
			files = (
				1E7049311E0D25B600FCC923 /* Localizable.strings in Resources */,
				1E7049021E0D1EBB00FCC923 /* LaunchScreen.storyboard in Resources */,
				1E70492C1E0D25A800FCC923 /* InfoPlist.strings in Resources */,
				1E7048FF1E0D1EBB00FCC923 /* Assets.xcassets in Resources */,
				1E7048FD1E0D1EBB00FCC923 /* Main.storyboard in Resources */,
			);
			runOnlyForDeploymentPostprocessing = 0;
		};
		1E7049061E0D1EBB00FCC923 /* Resources */ = {
			isa = PBXResourcesBuildPhase;
			buildActionMask = 2147483647;
			files = (
			);
			runOnlyForDeploymentPostprocessing = 0;
		};
		1E7049111E0D1EBB00FCC923 /* Resources */ = {
			isa = PBXResourcesBuildPhase;
			buildActionMask = 2147483647;
			files = (
			);
			runOnlyForDeploymentPostprocessing = 0;
		};
/* End PBXResourcesBuildPhase section */

/* Begin PBXSourcesBuildPhase section */
		1E7048EB1E0D1EBB00FCC923 /* Sources */ = {
			isa = PBXSourcesBuildPhase;
			buildActionMask = 2147483647;
			files = (
				1E7048FA1E0D1EBB00FCC923 /* ViewController.m in Sources */,
				1E7048F71E0D1EBB00FCC923 /* AppDelegate.m in Sources */,
				1E7048F41E0D1EBB00FCC923 /* main.m in Sources */,
			);
			runOnlyForDeploymentPostprocessing = 0;
		};
		1E7049041E0D1EBB00FCC923 /* Sources */ = {
			isa = PBXSourcesBuildPhase;
			buildActionMask = 2147483647;
			files = (
				1E70490D1E0D1EBB00FCC923 /* ______Tests.m in Sources */,
			);
			runOnlyForDeploymentPostprocessing = 0;
		};
		1E70490F1E0D1EBB00FCC923 /* Sources */ = {
			isa = PBXSourcesBuildPhase;
			buildActionMask = 2147483647;
			files = (
				1E7049181E0D1EBB00FCC923 /* ______UITests.m in Sources */,
			);
			runOnlyForDeploymentPostprocessing = 0;
		};
/* End PBXSourcesBuildPhase section */

/* Begin PBXTargetDependency section */
		1E70490A1E0D1EBB00FCC923 /* PBXTargetDependency */ = {
			isa = PBXTargetDependency;
			target = 1E7048EE1E0D1EBB00FCC923 /* 应用内国际化 */;
			targetProxy = 1E7049091E0D1EBB00FCC923 /* PBXContainerItemProxy */;
		};
		1E7049151E0D1EBB00FCC923 /* PBXTargetDependency */ = {
			isa = PBXTargetDependency;
			target = 1E7048EE1E0D1EBB00FCC923 /* 应用内国际化 */;
			targetProxy = 1E7049141E0D1EBB00FCC923 /* PBXContainerItemProxy */;
		};
/* End PBXTargetDependency section */

/* Begin PBXVariantGroup section */
		1E7048FB1E0D1EBB00FCC923 /* Main.storyboard */ = {
			isa = PBXVariantGroup;
			children = (
				1E7048FC1E0D1EBB00FCC923 /* Base */,
				1E7049261E0D20DD00FCC923 /* zh-Hans */,
			);
			name = Main.storyboard;
			sourceTree = "<group>";
		};
		1E7049001E0D1EBB00FCC923 /* LaunchScreen.storyboard */ = {
			isa = PBXVariantGroup;
			children = (
				1E7049011E0D1EBB00FCC923 /* Base */,
				1E7049271E0D20DD00FCC923 /* zh-Hans */,
			);
			name = LaunchScreen.storyboard;
			sourceTree = "<group>";
		};
		1E70492E1E0D25A800FCC923 /* InfoPlist.strings */ = {
			isa = PBXVariantGroup;
			children = (
				1E7049301E0D25AC00FCC923 /* zh-Hans */,
				1E7049371E0D25CD00FCC923 /* en */,
			);
			name = InfoPlist.strings;
			sourceTree = "<group>";
		};
		1E7049331E0D25B600FCC923 /* Localizable.strings */ = {
			isa = PBXVariantGroup;
			children = (
				1E7049351E0D25B800FCC923 /* zh-Hans */,
				1E7049361E0D25C400FCC923 /* en */,
			);
			name = Localizable.strings;
			sourceTree = "<group>";
		};
/* End PBXVariantGroup section */

/* Begin XCBuildConfiguration section */
		1E70491A1E0D1EBB00FCC923 /* Debug */ = {
			isa = XCBuildConfiguration;
			buildSettings = {
				ALWAYS_SEARCH_USER_PATHS = NO;
				CLANG_ANALYZER_LOCALIZABILITY_NONLOCALIZED = YES;
				CLANG_ANALYZER_NONNULL = YES;
				CLANG_CXX_LANGUAGE_STANDARD = "gnu++0x";
				CLANG_CXX_LIBRARY = "libc++";
				CLANG_ENABLE_MODULES = YES;
				CLANG_ENABLE_OBJC_ARC = YES;
				CLANG_WARN_BOOL_CONVERSION = YES;
				CLANG_WARN_CONSTANT_CONVERSION = YES;
				CLANG_WARN_DIRECT_OBJC_ISA_USAGE = YES_ERROR;
				CLANG_WARN_DOCUMENTATION_COMMENTS = YES;
				CLANG_WARN_EMPTY_BODY = YES;
				CLANG_WARN_ENUM_CONVERSION = YES;
				CLANG_WARN_INFINITE_RECURSION = YES;
				CLANG_WARN_INT_CONVERSION = YES;
				CLANG_WARN_OBJC_ROOT_CLASS = YES_ERROR;
				CLANG_WARN_SUSPICIOUS_MOVES = YES;
				CLANG_WARN_UNREACHABLE_CODE = YES;
				CLANG_WARN__DUPLICATE_METHOD_MATCH = YES;
				"CODE_SIGN_IDENTITY[sdk=iphoneos*]" = "iPhone Developer";
				COPY_PHASE_STRIP = NO;
				DEBUG_INFORMATION_FORMAT = dwarf;
				ENABLE_STRICT_OBJC_MSGSEND = YES;
				ENABLE_TESTABILITY = YES;
				GCC_C_LANGUAGE_STANDARD = gnu99;
				GCC_DYNAMIC_NO_PIC = NO;
				GCC_NO_COMMON_BLOCKS = YES;
				GCC_OPTIMIZATION_LEVEL = 0;
				GCC_PREPROCESSOR_DEFINITIONS = (
					"DEBUG=1",
					"$(inherited)",
				);
				GCC_WARN_64_TO_32_BIT_CONVERSION = YES;
				GCC_WARN_ABOUT_RETURN_TYPE = YES_ERROR;
				GCC_WARN_UNDECLARED_SELECTOR = YES;
				GCC_WARN_UNINITIALIZED_AUTOS = YES_AGGRESSIVE;
				GCC_WARN_UNUSED_FUNCTION = YES;
				GCC_WARN_UNUSED_VARIABLE = YES;
				IPHONEOS_DEPLOYMENT_TARGET = 10.0;
				MTL_ENABLE_DEBUG_INFO = YES;
				ONLY_ACTIVE_ARCH = YES;
				SDKROOT = iphoneos;
				TARGETED_DEVICE_FAMILY = "1,2";
			};
			name = Debug;
		};
		1E70491B1E0D1EBB00FCC923 /* Release */ = {
			isa = XCBuildConfiguration;
			buildSettings = {
				ALWAYS_SEARCH_USER_PATHS = NO;
				CLANG_ANALYZER_LOCALIZABILITY_NONLOCALIZED = YES;
				CLANG_ANALYZER_NONNULL = YES;
				CLANG_CXX_LANGUAGE_STANDARD = "gnu++0x";
				CLANG_CXX_LIBRARY = "libc++";
				CLANG_ENABLE_MODULES = YES;
				CLANG_ENABLE_OBJC_ARC = YES;
				CLANG_WARN_BOOL_CONVERSION = YES;
				CLANG_WARN_CONSTANT_CONVERSION = YES;
				CLANG_WARN_DIRECT_OBJC_ISA_USAGE = YES_ERROR;
				CLANG_WARN_DOCUMENTATION_COMMENTS = YES;
				CLANG_WARN_EMPTY_BODY = YES;
				CLANG_WARN_ENUM_CONVERSION = YES;
				CLANG_WARN_INFINITE_RECURSION = YES;
				CLANG_WARN_INT_CONVERSION = YES;
				CLANG_WARN_OBJC_ROOT_CLASS = YES_ERROR;
				CLANG_WARN_SUSPICIOUS_MOVES = YES;
				CLANG_WARN_UNREACHABLE_CODE = YES;
				CLANG_WARN__DUPLICATE_METHOD_MATCH = YES;
				"CODE_SIGN_IDENTITY[sdk=iphoneos*]" = "iPhone Developer";
				COPY_PHASE_STRIP = NO;
				DEBUG_INFORMATION_FORMAT = "dwarf-with-dsym";
				ENABLE_NS_ASSERTIONS = NO;
				ENABLE_STRICT_OBJC_MSGSEND = YES;
				GCC_C_LANGUAGE_STANDARD = gnu99;
				GCC_NO_COMMON_BLOCKS = YES;
				GCC_WARN_64_TO_32_BIT_CONVERSION = YES;
				GCC_WARN_ABOUT_RETURN_TYPE = YES_ERROR;
				GCC_WARN_UNDECLARED_SELECTOR = YES;
				GCC_WARN_UNINITIALIZED_AUTOS = YES_AGGRESSIVE;
				GCC_WARN_UNUSED_FUNCTION = YES;
				GCC_WARN_UNUSED_VARIABLE = YES;
				IPHONEOS_DEPLOYMENT_TARGET = 10.0;
				MTL_ENABLE_DEBUG_INFO = NO;
				SDKROOT = iphoneos;
				TARGETED_DEVICE_FAMILY = "1,2";
				VALIDATE_PRODUCT = YES;
			};
			name = Release;
		};
		1E70491D1E0D1EBB00FCC923 /* Debug */ = {
			isa = XCBuildConfiguration;
			buildSettings = {
				ASSETCATALOG_COMPILER_APPICON_NAME = AppIcon;
				DEVELOPMENT_TEAM = 4HV67692Y7;
				INFOPLIST_FILE = "应用内国际化/Info.plist";
				LD_RUNPATH_SEARCH_PATHS = "$(inherited) @executable_path/Frameworks";
				PRODUCT_BUNDLE_IDENTIFIER = "WECAST.------";
				PRODUCT_NAME = "$(TARGET_NAME)";
			};
			name = Debug;
		};
		1E70491E1E0D1EBB00FCC923 /* Release */ = {
			isa = XCBuildConfiguration;
			buildSettings = {
				ASSETCATALOG_COMPILER_APPICON_NAME = AppIcon;
				DEVELOPMENT_TEAM = 4HV67692Y7;
				INFOPLIST_FILE = "应用内国际化/Info.plist";
				LD_RUNPATH_SEARCH_PATHS = "$(inherited) @executable_path/Frameworks";
				PRODUCT_BUNDLE_IDENTIFIER = "WECAST.------";
				PRODUCT_NAME = "$(TARGET_NAME)";
			};
			name = Release;
		};
		1E7049201E0D1EBB00FCC923 /* Debug */ = {
			isa = XCBuildConfiguration;
			buildSettings = {
				BUNDLE_LOADER = "$(TEST_HOST)";
				DEVELOPMENT_TEAM = 4HV67692Y7;
				INFOPLIST_FILE = "应用内国际化Tests/Info.plist";
				LD_RUNPATH_SEARCH_PATHS = "$(inherited) @executable_path/Frameworks @loader_path/Frameworks";
				PRODUCT_BUNDLE_IDENTIFIER = "WECAST.------Tests";
				PRODUCT_NAME = "$(TARGET_NAME)";
				TEST_HOST = "$(BUILT_PRODUCTS_DIR)/应用内国际化.app/应用内国际化";
			};
			name = Debug;
		};
		1E7049211E0D1EBB00FCC923 /* Release */ = {
			isa = XCBuildConfiguration;
			buildSettings = {
				BUNDLE_LOADER = "$(TEST_HOST)";
				DEVELOPMENT_TEAM = 4HV67692Y7;
				INFOPLIST_FILE = "应用内国际化Tests/Info.plist";
				LD_RUNPATH_SEARCH_PATHS = "$(inherited) @executable_path/Frameworks @loader_path/Frameworks";
				PRODUCT_BUNDLE_IDENTIFIER = "WECAST.------Tests";
				PRODUCT_NAME = "$(TARGET_NAME)";
				TEST_HOST = "$(BUILT_PRODUCTS_DIR)/应用内国际化.app/应用内国际化";
			};
			name = Release;
		};
		1E7049231E0D1EBB00FCC923 /* Debug */ = {
			isa = XCBuildConfiguration;
			buildSettings = {
				DEVELOPMENT_TEAM = 4HV67692Y7;
				INFOPLIST_FILE = "应用内国际化UITests/Info.plist";
				LD_RUNPATH_SEARCH_PATHS = "$(inherited) @executable_path/Frameworks @loader_path/Frameworks";
				PRODUCT_BUNDLE_IDENTIFIER = "WECAST.------UITests";
				PRODUCT_NAME = "$(TARGET_NAME)";
				TEST_TARGET_NAME = "应用内国际化";
			};
			name = Debug;
		};
		1E7049241E0D1EBB00FCC923 /* Release */ = {
			isa = XCBuildConfiguration;
			buildSettings = {
				DEVELOPMENT_TEAM = 4HV67692Y7;
				INFOPLIST_FILE = "应用内国际化UITests/Info.plist";
				LD_RUNPATH_SEARCH_PATHS = "$(inherited) @executable_path/Frameworks @loader_path/Frameworks";
				PRODUCT_BUNDLE_IDENTIFIER = "WECAST.------UITests";
				PRODUCT_NAME = "$(TARGET_NAME)";
				TEST_TARGET_NAME = "应用内国际化";
			};
			name = Release;
		};
/* End XCBuildConfiguration section */

/* Begin XCConfigurationList section */
		1E7048EA1E0D1EBB00FCC923 /* Build configuration list for PBXProject "应用内国际化" */ = {
			isa = XCConfigurationList;
			buildConfigurations = (
				1E70491A1E0D1EBB00FCC923 /* Debug */,
				1E70491B1E0D1EBB00FCC923 /* Release */,
			);
			defaultConfigurationIsVisible = 0;
			defaultConfigurationName = Release;
		};
		1E70491C1E0D1EBB00FCC923 /* Build configuration list for PBXNativeTarget "应用内国际化" */ = {
			isa = XCConfigurationList;
			buildConfigurations = (
				1E70491D1E0D1EBB00FCC923 /* Debug */,
				1E70491E1E0D1EBB00FCC923 /* Release */,
			);
			defaultConfigurationIsVisible = 0;
		};
		1E70491F1E0D1EBB00FCC923 /* Build configuration list for PBXNativeTarget "应用内国际化Tests" */ = {
			isa = XCConfigurationList;
			buildConfigurations = (
				1E7049201E0D1EBB00FCC923 /* Debug */,
				1E7049211E0D1EBB00FCC923 /* Release */,
			);
			defaultConfigurationIsVisible = 0;
		};
		1E7049221E0D1EBB00FCC923 /* Build configuration list for PBXNativeTarget "应用内国际化UITests" */ = {
			isa = XCConfigurationList;
			buildConfigurations = (
				1E7049231E0D1EBB00FCC923 /* Debug */,
				1E7049241E0D1EBB00FCC923 /* Release */,
			);
			defaultConfigurationIsVisible = 0;
		};
/* End XCConfigurationList section */
	};
	rootObject = 1E7048E71E0D1EBB00FCC923 /* Project object */;
}
